// !$*UTF8*$!
{
	archiveVersion = 1;
	classes = {
	};
	objectVersion = 46;
	objects = {

/* Begin PBXBuildFile section */
		977D68681C15FAE90006656B /* AppDelegate.swift in Sources */ = {isa = PBXBuildFile; fileRef = 977D68671C15FAE90006656B /* AppDelegate.swift */; };
		977D686A1C15FAE90006656B /* ViewController.swift in Sources */ = {isa = PBXBuildFile; fileRef = 977D68691C15FAE90006656B /* ViewController.swift */; };
		977D686D1C15FAE90006656B /* Main.storyboard in Resources */ = {isa = PBXBuildFile; fileRef = 977D686B1C15FAE90006656B /* Main.storyboard */; };
		977D686F1C15FAE90006656B /* Images.xcassets in Resources */ = {isa = PBXBuildFile; fileRef = 977D686E1C15FAE90006656B /* Images.xcassets */; };
		977D68721C15FAE90006656B /* LaunchScreen.xib in Resources */ = {isa = PBXBuildFile; fileRef = 977D68701C15FAE90006656B /* LaunchScreen.xib */; };
		977D687E1C15FAE90006656B /* binder_iosTests.swift in Sources */ = {isa = PBXBuildFile; fileRef = 977D687D1C15FAE90006656B /* binder_iosTests.swift */; };
		97EBED271C16028E00909BFD /* OrganizationController.swift in Sources */ = {isa = PBXBuildFile; fileRef = 97EBED261C16028E00909BFD /* OrganizationController.swift */; };
		97EBED2D1C1602F500909BFD /* OrgDetailController.swift in Sources */ = {isa = PBXBuildFile; fileRef = 97EBED2C1C1602F500909BFD /* OrgDetailController.swift */; };
		97EBED2F1C16031900909BFD /* StatusController.swift in Sources */ = {isa = PBXBuildFile; fileRef = 97EBED2E1C16031900909BFD /* StatusController.swift */; };
		97EBED311C16033200909BFD /* QueueController.swift in Sources */ = {isa = PBXBuildFile; fileRef = 97EBED301C16033200909BFD /* QueueController.swift */; };
		97EBED331C16036A00909BFD /* Organization.swift in Sources */ = {isa = PBXBuildFile; fileRef = 97EBED321C16036A00909BFD /* Organization.swift */; };
		97EBED391C1603AA00909BFD /* Status.swift in Sources */ = {isa = PBXBuildFile; fileRef = 97EBED381C1603AA00909BFD /* Status.swift */; };
		97EBED3B1C1603BF00909BFD /* Queue.swift in Sources */ = {isa = PBXBuildFile; fileRef = 97EBED3A1C1603BF00909BFD /* Queue.swift */; };
/* End PBXBuildFile section */

/* Begin PBXContainerItemProxy section */
		977D68781C15FAE90006656B /* PBXContainerItemProxy */ = {
			isa = PBXContainerItemProxy;
			containerPortal = 977D685A1C15FAE90006656B /* Project object */;
			proxyType = 1;
			remoteGlobalIDString = 977D68611C15FAE90006656B;
			remoteInfo = "binder-ios";
		};
/* End PBXContainerItemProxy section */

/* Begin PBXFileReference section */
		977D68621C15FAE90006656B /* binder-ios.app */ = {isa = PBXFileReference; explicitFileType = wrapper.application; includeInIndex = 0; path = "binder-ios.app"; sourceTree = BUILT_PRODUCTS_DIR; };
		977D68661C15FAE90006656B /* Info.plist */ = {isa = PBXFileReference; lastKnownFileType = text.plist.xml; path = Info.plist; sourceTree = "<group>"; };
		977D68671C15FAE90006656B /* AppDelegate.swift */ = {isa = PBXFileReference; lastKnownFileType = sourcecode.swift; path = AppDelegate.swift; sourceTree = "<group>"; };
		977D68691C15FAE90006656B /* ViewController.swift */ = {isa = PBXFileReference; lastKnownFileType = sourcecode.swift; path = ViewController.swift; sourceTree = "<group>"; };
		977D686C1C15FAE90006656B /* Base */ = {isa = PBXFileReference; lastKnownFileType = file.storyboard; name = Base; path = Base.lproj/Main.storyboard; sourceTree = "<group>"; };
		977D686E1C15FAE90006656B /* Images.xcassets */ = {isa = PBXFileReference; lastKnownFileType = folder.assetcatalog; path = Images.xcassets; sourceTree = "<group>"; };
		977D68711C15FAE90006656B /* Base */ = {isa = PBXFileReference; lastKnownFileType = file.xib; name = Base; path = Base.lproj/LaunchScreen.xib; sourceTree = "<group>"; };
		977D68771C15FAE90006656B /* binder-iosTests.xctest */ = {isa = PBXFileReference; explicitFileType = wrapper.cfbundle; includeInIndex = 0; path = "binder-iosTests.xctest"; sourceTree = BUILT_PRODUCTS_DIR; };
		977D687C1C15FAE90006656B /* Info.plist */ = {isa = PBXFileReference; lastKnownFileType = text.plist.xml; path = Info.plist; sourceTree = "<group>"; };
		977D687D1C15FAE90006656B /* binder_iosTests.swift */ = {isa = PBXFileReference; lastKnownFileType = sourcecode.swift; path = binder_iosTests.swift; sourceTree = "<group>"; };
		97EBED261C16028E00909BFD /* OrganizationController.swift */ = {isa = PBXFileReference; fileEncoding = 4; lastKnownFileType = sourcecode.swift; path = OrganizationController.swift; sourceTree = "<group>"; };
		97EBED2C1C1602F500909BFD /* OrgDetailController.swift */ = {isa = PBXFileReference; fileEncoding = 4; lastKnownFileType = sourcecode.swift; path = OrgDetailController.swift; sourceTree = "<group>"; };
		97EBED2E1C16031900909BFD /* StatusController.swift */ = {isa = PBXFileReference; fileEncoding = 4; lastKnownFileType = sourcecode.swift; path = StatusController.swift; sourceTree = "<group>"; };
		97EBED301C16033200909BFD /* QueueController.swift */ = {isa = PBXFileReference; fileEncoding = 4; lastKnownFileType = sourcecode.swift; path = QueueController.swift; sourceTree = "<group>"; };
		97EBED321C16036A00909BFD /* Organization.swift */ = {isa = PBXFileReference; fileEncoding = 4; lastKnownFileType = sourcecode.swift; path = Organization.swift; sourceTree = "<group>"; };
		97EBED381C1603AA00909BFD /* Status.swift */ = {isa = PBXFileReference; fileEncoding = 4; lastKnownFileType = sourcecode.swift; path = Status.swift; sourceTree = "<group>"; };
		97EBED3A1C1603BF00909BFD /* Queue.swift */ = {isa = PBXFileReference; fileEncoding = 4; lastKnownFileType = sourcecode.swift; path = Queue.swift; sourceTree = "<group>"; };
/* End PBXFileReference section */

/* Begin PBXFrameworksBuildPhase section */
		977D685F1C15FAE90006656B /* Frameworks */ = {
			isa = PBXFrameworksBuildPhase;
			buildActionMask = 2147483647;
			files = (
			);
			runOnlyForDeploymentPostprocessing = 0;
		};
		977D68741C15FAE90006656B /* Frameworks */ = {
			isa = PBXFrameworksBuildPhase;
			buildActionMask = 2147483647;
			files = (
			);
			runOnlyForDeploymentPostprocessing = 0;
		};
/* End PBXFrameworksBuildPhase section */

/* Begin PBXGroup section */
		977D68591C15FAE90006656B = {
			isa = PBXGroup;
			children = (
				977D68641C15FAE90006656B /* binder-ios */,
				977D687A1C15FAE90006656B /* binder-iosTests */,
				977D68631C15FAE90006656B /* Products */,
			);
			sourceTree = "<group>";
		};
		977D68631C15FAE90006656B /* Products */ = {
			isa = PBXGroup;
			children = (
				977D68621C15FAE90006656B /* binder-ios.app */,
				977D68771C15FAE90006656B /* binder-iosTests.xctest */,
			);
			name = Products;
			sourceTree = "<group>";
		};
		977D68641C15FAE90006656B /* binder-ios */ = {
			isa = PBXGroup;
			children = (
				977D68671C15FAE90006656B /* AppDelegate.swift */,
				977D68691C15FAE90006656B /* ViewController.swift */,
				977D686B1C15FAE90006656B /* Main.storyboard */,
				977D686E1C15FAE90006656B /* Images.xcassets */,
				977D68701C15FAE90006656B /* LaunchScreen.xib */,
				977D68651C15FAE90006656B /* Supporting Files */,
				97EBED321C16036A00909BFD /* Organization.swift */,
				97EBED261C16028E00909BFD /* OrganizationController.swift */,
				97EBED2C1C1602F500909BFD /* OrgDetailController.swift */,
				97EBED381C1603AA00909BFD /* Status.swift */,
				97EBED2E1C16031900909BFD /* StatusController.swift */,
				97EBED3A1C1603BF00909BFD /* Queue.swift */,
				97EBED301C16033200909BFD /* QueueController.swift */,
			);
			path = "binder-ios";
			sourceTree = "<group>";
		};
		977D68651C15FAE90006656B /* Supporting Files */ = {
			isa = PBXGroup;
			children = (
				977D68661C15FAE90006656B /* Info.plist */,
			);
			name = "Supporting Files";
			sourceTree = "<group>";
		};
		977D687A1C15FAE90006656B /* binder-iosTests */ = {
			isa = PBXGroup;
			children = (
				977D687D1C15FAE90006656B /* binder_iosTests.swift */,
				977D687B1C15FAE90006656B /* Supporting Files */,
			);
			path = "binder-iosTests";
			sourceTree = "<group>";
		};
		977D687B1C15FAE90006656B /* Supporting Files */ = {
			isa = PBXGroup;
			children = (
				977D687C1C15FAE90006656B /* Info.plist */,
			);
			name = "Supporting Files";
			sourceTree = "<group>";
		};
/* End PBXGroup section */

/* Begin PBXNativeTarget section */
		977D68611C15FAE90006656B /* binder-ios */ = {
			isa = PBXNativeTarget;
			buildConfigurationList = 977D68811C15FAE90006656B /* Build configuration list for PBXNativeTarget "binder-ios" */;
			buildPhases = (
				977D685E1C15FAE90006656B /* Sources */,
				977D685F1C15FAE90006656B /* Frameworks */,
				977D68601C15FAE90006656B /* Resources */,
			);
			buildRules = (
			);
			dependencies = (
			);
			name = "binder-ios";
			productName = "binder-ios";
			productReference = 977D68621C15FAE90006656B /* binder-ios.app */;
			productType = "com.apple.product-type.application";
		};
		977D68761C15FAE90006656B /* binder-iosTests */ = {
			isa = PBXNativeTarget;
			buildConfigurationList = 977D68841C15FAE90006656B /* Build configuration list for PBXNativeTarget "binder-iosTests" */;
			buildPhases = (
				977D68731C15FAE90006656B /* Sources */,
				977D68741C15FAE90006656B /* Frameworks */,
				977D68751C15FAE90006656B /* Resources */,
			);
			buildRules = (
			);
			dependencies = (
				977D68791C15FAE90006656B /* PBXTargetDependency */,
			);
			name = "binder-iosTests";
			productName = "binder-iosTests";
			productReference = 977D68771C15FAE90006656B /* binder-iosTests.xctest */;
			productType = "com.apple.product-type.bundle.unit-test";
		};
/* End PBXNativeTarget section */

/* Begin PBXProject section */
		977D685A1C15FAE90006656B /* Project object */ = {
			isa = PBXProject;
			attributes = {
				LastUpgradeCheck = 0640;
				ORGANIZATIONNAME = SCC;
				TargetAttributes = {
					977D68611C15FAE90006656B = {
						CreatedOnToolsVersion = 6.4;
					};
					977D68761C15FAE90006656B = {
						CreatedOnToolsVersion = 6.4;
						TestTargetID = 977D68611C15FAE90006656B;
					};
				};
			};
			buildConfigurationList = 977D685D1C15FAE90006656B /* Build configuration list for PBXProject "binder-ios" */;
			compatibilityVersion = "Xcode 3.2";
			developmentRegion = English;
			hasScannedForEncodings = 0;
			knownRegions = (
				en,
				Base,
			);
			mainGroup = 977D68591C15FAE90006656B;
			productRefGroup = 977D68631C15FAE90006656B /* Products */;
			projectDirPath = "";
			projectRoot = "";
			targets = (
				977D68611C15FAE90006656B /* binder-ios */,
				977D68761C15FAE90006656B /* binder-iosTests */,
			);
		};
/* End PBXProject section */

/* Begin PBXResourcesBuildPhase section */
		977D68601C15FAE90006656B /* Resources */ = {
			isa = PBXResourcesBuildPhase;
			buildActionMask = 2147483647;
			files = (
				977D686D1C15FAE90006656B /* Main.storyboard in Resources */,
				977D68721C15FAE90006656B /* LaunchScreen.xib in Resources */,
				977D686F1C15FAE90006656B /* Images.xcassets in Resources */,
			);
			runOnlyForDeploymentPostprocessing = 0;
		};
		977D68751C15FAE90006656B /* Resources */ = {
			isa = PBXResourcesBuildPhase;
			buildActionMask = 2147483647;
			files = (
			);
			runOnlyForDeploymentPostprocessing = 0;
		};
/* End PBXResourcesBuildPhase section */

/* Begin PBXSourcesBuildPhase section */
		977D685E1C15FAE90006656B /* Sources */ = {
			isa = PBXSourcesBuildPhase;
			buildActionMask = 2147483647;
			files = (
				97EBED2D1C1602F500909BFD /* OrgDetailController.swift in Sources */,
				97EBED311C16033200909BFD /* QueueController.swift in Sources */,
				97EBED331C16036A00909BFD /* Organization.swift in Sources */,
				97EBED3B1C1603BF00909BFD /* Queue.swift in Sources */,
				977D686A1C15FAE90006656B /* ViewController.swift in Sources */,
				97EBED2F1C16031900909BFD /* StatusController.swift in Sources */,
				977D68681C15FAE90006656B /* AppDelegate.swift in Sources */,
				97EBED271C16028E00909BFD /* OrganizationController.swift in Sources */,
				97EBED391C1603AA00909BFD /* Status.swift in Sources */,
			);
			runOnlyForDeploymentPostprocessing = 0;
		};
		977D68731C15FAE90006656B /* Sources */ = {
			isa = PBXSourcesBuildPhase;
			buildActionMask = 2147483647;
			files = (
				977D687E1C15FAE90006656B /* binder_iosTests.swift in Sources */,
			);
			runOnlyForDeploymentPostprocessing = 0;
		};
/* End PBXSourcesBuildPhase section */

/* Begin PBXTargetDependency section */
		977D68791C15FAE90006656B /* PBXTargetDependency */ = {
			isa = PBXTargetDependency;
			target = 977D68611C15FAE90006656B /* binder-ios */;
			targetProxy = 977D68781C15FAE90006656B /* PBXContainerItemProxy */;
		};
/* End PBXTargetDependency section */

/* Begin PBXVariantGroup section */
		977D686B1C15FAE90006656B /* Main.storyboard */ = {
			isa = PBXVariantGroup;
			children = (
				977D686C1C15FAE90006656B /* Base */,
			);
			name = Main.storyboard;
			sourceTree = "<group>";
		};
		977D68701C15FAE90006656B /* LaunchScreen.xib */ = {
			isa = PBXVariantGroup;
			children = (
				977D68711C15FAE90006656B /* Base */,
			);
			name = LaunchScreen.xib;
			sourceTree = "<group>";
		};
/* End PBXVariantGroup section */

/* Begin XCBuildConfiguration section */
		977D687F1C15FAE90006656B /* Debug */ = {
			isa = XCBuildConfiguration;
			buildSettings = {
				ALWAYS_SEARCH_USER_PATHS = NO;
				CLANG_CXX_LANGUAGE_STANDARD = "gnu++0x";
				CLANG_CXX_LIBRARY = "libc++";
				CLANG_ENABLE_MODULES = YES;
				CLANG_ENABLE_OBJC_ARC = YES;
				CLANG_WARN_BOOL_CONVERSION = YES;
				CLANG_WARN_CONSTANT_CONVERSION = YES;
				CLANG_WARN_DIRECT_OBJC_ISA_USAGE = YES_ERROR;
				CLANG_WARN_EMPTY_BODY = YES;
				CLANG_WARN_ENUM_CONVERSION = YES;
				CLANG_WARN_INT_CONVERSION = YES;
				CLANG_WARN_OBJC_ROOT_CLASS = YES_ERROR;
				CLANG_WARN_UNREACHABLE_CODE = YES;
				CLANG_WARN__DUPLICATE_METHOD_MATCH = YES;
				"CODE_SIGN_IDENTITY[sdk=iphoneos*]" = "iPhone Developer";
				COPY_PHASE_STRIP = NO;
				DEBUG_INFORMATION_FORMAT = "dwarf-with-dsym";
				ENABLE_STRICT_OBJC_MSGSEND = YES;
				GCC_C_LANGUAGE_STANDARD = gnu99;
				GCC_DYNAMIC_NO_PIC = NO;
				GCC_NO_COMMON_BLOCKS = YES;
				GCC_OPTIMIZATION_LEVEL = 0;
				GCC_PREPROCESSOR_DEFINITIONS = (
					"DEBUG=1",
					"$(inherited)",
				);
				GCC_SYMBOLS_PRIVATE_EXTERN = NO;
				GCC_WARN_64_TO_32_BIT_CONVERSION = YES;
				GCC_WARN_ABOUT_RETURN_TYPE = YES_ERROR;
				GCC_WARN_UNDECLARED_SELECTOR = YES;
				GCC_WARN_UNINITIALIZED_AUTOS = YES_AGGRESSIVE;
				GCC_WARN_UNUSED_FUNCTION = YES;
				GCC_WARN_UNUSED_VARIABLE = YES;
				IPHONEOS_DEPLOYMENT_TARGET = 8.4;
				MTL_ENABLE_DEBUG_INFO = YES;
				ONLY_ACTIVE_ARCH = YES;
				SDKROOT = iphoneos;
				SWIFT_OPTIMIZATION_LEVEL = "-Onone";
				TARGETED_DEVICE_FAMILY = "1,2";
			};
			name = Debug;
		};
		977D68801C15FAE90006656B /* Release */ = {
			isa = XCBuildConfiguration;
			buildSettings = {
				ALWAYS_SEARCH_USER_PATHS = NO;
				CLANG_CXX_LANGUAGE_STANDARD = "gnu++0x";
				CLANG_CXX_LIBRARY = "libc++";
				CLANG_ENABLE_MODULES = YES;
				CLANG_ENABLE_OBJC_ARC = YES;
				CLANG_WARN_BOOL_CONVERSION = YES;
				CLANG_WARN_CONSTANT_CONVERSION = YES;
				CLANG_WARN_DIRECT_OBJC_ISA_USAGE = YES_ERROR;
				CLANG_WARN_EMPTY_BODY = YES;
				CLANG_WARN_ENUM_CONVERSION = YES;
				CLANG_WARN_INT_CONVERSION = YES;
				CLANG_WARN_OBJC_ROOT_CLASS = YES_ERROR;
				CLANG_WARN_UNREACHABLE_CODE = YES;
				CLANG_WARN__DUPLICATE_METHOD_MATCH = YES;
				"CODE_SIGN_IDENTITY[sdk=iphoneos*]" = "iPhone Developer";
				COPY_PHASE_STRIP = NO;
				DEBUG_INFORMATION_FORMAT = "dwarf-with-dsym";
				ENABLE_NS_ASSERTIONS = NO;
				ENABLE_STRICT_OBJC_MSGSEND = YES;
				GCC_C_LANGUAGE_STANDARD = gnu99;
				GCC_NO_COMMON_BLOCKS = YES;
				GCC_WARN_64_TO_32_BIT_CONVERSION = YES;
				GCC_WARN_ABOUT_RETURN_TYPE = YES_ERROR;
				GCC_WARN_UNDECLARED_SELECTOR = YES;
				GCC_WARN_UNINITIALIZED_AUTOS = YES_AGGRESSIVE;
				GCC_WARN_UNUSED_FUNCTION = YES;
				GCC_WARN_UNUSED_VARIABLE = YES;
				IPHONEOS_DEPLOYMENT_TARGET = 8.4;
				MTL_ENABLE_DEBUG_INFO = NO;
				SDKROOT = iphoneos;
				TARGETED_DEVICE_FAMILY = "1,2";
				VALIDATE_PRODUCT = YES;
			};
			name = Release;
		};
		977D68821C15FAE90006656B /* Debug */ = {
			isa = XCBuildConfiguration;
			buildSettings = {
				ASSETCATALOG_COMPILER_APPICON_NAME = AppIcon;
				INFOPLIST_FILE = "binder-ios/Info.plist";
				LD_RUNPATH_SEARCH_PATHS = "$(inherited) @executable_path/Frameworks";
				PRODUCT_NAME = "$(TARGET_NAME)";
			};
			name = Debug;
		};
		977D68831C15FAE90006656B /* Release */ = {
			isa = XCBuildConfiguration;
			buildSettings = {
				ASSETCATALOG_COMPILER_APPICON_NAME = AppIcon;
				INFOPLIST_FILE = "binder-ios/Info.plist";
				LD_RUNPATH_SEARCH_PATHS = "$(inherited) @executable_path/Frameworks";
				PRODUCT_NAME = "$(TARGET_NAME)";
			};
			name = Release;
		};
		977D68851C15FAE90006656B /* Debug */ = {
			isa = XCBuildConfiguration;
			buildSettings = {
				BUNDLE_LOADER = "$(TEST_HOST)";
				FRAMEWORK_SEARCH_PATHS = (
					"$(SDKROOT)/Developer/Library/Frameworks",
					"$(inherited)",
				);
				GCC_PREPROCESSOR_DEFINITIONS = (
					"DEBUG=1",
					"$(inherited)",
				);
				INFOPLIST_FILE = "binder-iosTests/Info.plist";
				LD_RUNPATH_SEARCH_PATHS = "$(inherited) @executable_path/Frameworks @loader_path/Frameworks";
				PRODUCT_NAME = "$(TARGET_NAME)";
				TEST_HOST = "$(BUILT_PRODUCTS_DIR)/binder-ios.app/binder-ios";
			};
			name = Debug;
		};
		977D68861C15FAE90006656B /* Release */ = {
			isa = XCBuildConfiguration;
			buildSettings = {
				BUNDLE_LOADER = "$(TEST_HOST)";
				FRAMEWORK_SEARCH_PATHS = (
					"$(SDKROOT)/Developer/Library/Frameworks",
					"$(inherited)",
				);
				INFOPLIST_FILE = "binder-iosTests/Info.plist";
				LD_RUNPATH_SEARCH_PATHS = "$(inherited) @executable_path/Frameworks @loader_path/Frameworks";
				PRODUCT_NAME = "$(TARGET_NAME)";
				TEST_HOST = "$(BUILT_PRODUCTS_DIR)/binder-ios.app/binder-ios";
			};
			name = Release;
		};
/* End XCBuildConfiguration section */

/* Begin XCConfigurationList section */
		977D685D1C15FAE90006656B /* Build configuration list for PBXProject "binder-ios" */ = {
			isa = XCConfigurationList;
			buildConfigurations = (
				977D687F1C15FAE90006656B /* Debug */,
				977D68801C15FAE90006656B /* Release */,
			);
			defaultConfigurationIsVisible = 0;
			defaultConfigurationName = Release;
		};
		977D68811C15FAE90006656B /* Build configuration list for PBXNativeTarget "binder-ios" */ = {
			isa = XCConfigurationList;
			buildConfigurations = (
				977D68821C15FAE90006656B /* Debug */,
				977D68831C15FAE90006656B /* Release */,
			);
			defaultConfigurationIsVisible = 0;
			defaultConfigurationName = Release;
		};
		977D68841C15FAE90006656B /* Build configuration list for PBXNativeTarget "binder-iosTests" */ = {
			isa = XCConfigurationList;
			buildConfigurations = (
				977D68851C15FAE90006656B /* Debug */,
				977D68861C15FAE90006656B /* Release */,
			);
			defaultConfigurationIsVisible = 0;
			defaultConfigurationName = Release;
		};
/* End XCConfigurationList section */
	};
	rootObject = 977D685A1C15FAE90006656B /* Project object */;
}
